// !$*UTF8*$!
{
	archiveVersion = 1;
	classes = {
	};
	objectVersion = 56;
	objects = {

/* Begin PBXBuildFile section */
		6A02D1EE2B80857200902162 /* ExtensionView.swift in Sources */ = {isa = PBXBuildFile; fileRef = 6A02D1ED2B80857200902162 /* ExtensionView.swift */; };
		6A02D1F02B80F6B800902162 /* FavoriteGamesSection.swift in Sources */ = {isa = PBXBuildFile; fileRef = 6A02D1EF2B80F6B800902162 /* FavoriteGamesSection.swift */; };
		6A165D572B7B7C5500A10369 /* DetailStoreView.swift in Sources */ = {isa = PBXBuildFile; fileRef = 6A165D562B7B7C5500A10369 /* DetailStoreView.swift */; };
		6A44013D2B74A29500DCDE2E /* Poppins-Light.ttf in Resources */ = {isa = PBXBuildFile; fileRef = 6A44013A2B74A29400DCDE2E /* Poppins-Light.ttf */; };
		6A44013E2B74A29500DCDE2E /* Poppins-Medium.ttf in Resources */ = {isa = PBXBuildFile; fileRef = 6A44013B2B74A29500DCDE2E /* Poppins-Medium.ttf */; };
		6A44013F2B74A29500DCDE2E /* Poppins-SemiBold.ttf in Resources */ = {isa = PBXBuildFile; fileRef = 6A44013C2B74A29500DCDE2E /* Poppins-SemiBold.ttf */; };
		6A4401482B74A41000DCDE2E /* Fonts.swift in Sources */ = {isa = PBXBuildFile; fileRef = 6A4401472B74A41000DCDE2E /* Fonts.swift */; };
		6A44014B2B74AD3D00DCDE2E /* FontModifier.swift in Sources */ = {isa = PBXBuildFile; fileRef = 6A44014A2B74AD3D00DCDE2E /* FontModifier.swift */; };
		6A44014D2B74AE6400DCDE2E /* Colors.swift in Sources */ = {isa = PBXBuildFile; fileRef = 6A44014C2B74AE6400DCDE2E /* Colors.swift */; };
		6A4401512B74D54D00DCDE2E /* DetailGameView.swift in Sources */ = {isa = PBXBuildFile; fileRef = 6A4401502B74D54D00DCDE2E /* DetailGameView.swift */; };
		6A45AFE52B79B237006A992C /* StoresViewModel.swift in Sources */ = {isa = PBXBuildFile; fileRef = 6A45AFE42B79B237006A992C /* StoresViewModel.swift */; };
		6A45AFE72B79B260006A992C /* StoresModel.swift in Sources */ = {isa = PBXBuildFile; fileRef = 6A45AFE62B79B260006A992C /* StoresModel.swift */; };
		6A45AFEA2B79CA06006A992C /* DetailGamesModel.swift in Sources */ = {isa = PBXBuildFile; fileRef = 6A45AFE92B79CA06006A992C /* DetailGamesModel.swift */; };
		6A45AFEC2B79D324006A992C /* DetailStoresModel.swift in Sources */ = {isa = PBXBuildFile; fileRef = 6A45AFEB2B79D324006A992C /* DetailStoresModel.swift */; };
		6A5CC3AF2B78077900BDD8D1 /* LoadingIndicatorView.swift in Sources */ = {isa = PBXBuildFile; fileRef = 6A5CC3AE2B78077900BDD8D1 /* LoadingIndicatorView.swift */; };
		6A95DCFB2B738FFD00CC3075 /* GamestockApp.swift in Sources */ = {isa = PBXBuildFile; fileRef = 6A95DCFA2B738FFD00CC3075 /* GamestockApp.swift */; };
		6A95DCFD2B738FFD00CC3075 /* ContentView.swift in Sources */ = {isa = PBXBuildFile; fileRef = 6A95DCFC2B738FFD00CC3075 /* ContentView.swift */; };
		6AE216EF2B772758009ED220 /* GamesViewModel.swift in Sources */ = {isa = PBXBuildFile; fileRef = 6AE216EE2B772758009ED220 /* GamesViewModel.swift */; };
		6AE216F22B772914009ED220 /* AppConfigs.swift in Sources */ = {isa = PBXBuildFile; fileRef = 6AE216F12B772914009ED220 /* AppConfigs.swift */; };
		6AE216F52B7729F7009ED220 /* GamesModel.swift in Sources */ = {isa = PBXBuildFile; fileRef = 6AE216F42B7729F7009ED220 /* GamesModel.swift */; };
		6AE216FF2B773089009ED220 /* HeaderSection.swift in Sources */ = {isa = PBXBuildFile; fileRef = 6AE216FE2B773089009ED220 /* HeaderSection.swift */; };
		6AE217022B77311F009ED220 /* StoreGameSection.swift in Sources */ = {isa = PBXBuildFile; fileRef = 6AE217002B77311F009ED220 /* StoreGameSection.swift */; };
		6AE217032B77311F009ED220 /* PopularGamesSection.swift in Sources */ = {isa = PBXBuildFile; fileRef = 6AE217012B77311F009ED220 /* PopularGamesSection.swift */; };
		6AE2D8C02B7FB5DB00E8B00F /* GamesDataModel.xcdatamodeld in Sources */ = {isa = PBXBuildFile; fileRef = 6AE2D8BE2B7FB5DB00E8B00F /* GamesDataModel.xcdatamodeld */; };
		6AF00D5D2B7B9E4D004FD658 /* DetailContentSection.swift in Sources */ = {isa = PBXBuildFile; fileRef = 6AF00D5C2B7B9E4D004FD658 /* DetailContentSection.swift */; };
		6AF00D602B7BAE9E004FD658 /* ProfileView.swift in Sources */ = {isa = PBXBuildFile; fileRef = 6AF00D5F2B7BAE9E004FD658 /* ProfileView.swift */; };
		6AF2BA3C2B760E390070A118 /* Assets.xcassets in Resources */ = {isa = PBXBuildFile; fileRef = 6AF2BA3B2B760E390070A118 /* Assets.xcassets */; };
		6AF89DCA2B77EE740081A649 /* Alamofire in Frameworks */ = {isa = PBXBuildFile; productRef = 6AF89DC92B77EE740081A649 /* Alamofire */; };
		6AF89DCD2B77EEE10081A649 /* Kingfisher in Frameworks */ = {isa = PBXBuildFile; productRef = 6AF89DCC2B77EEE10081A649 /* Kingfisher */; };
/* End PBXBuildFile section */

/* Begin PBXCopyFilesBuildPhase section */
		6AFEE81D2B7CC90700E0EF87 /* CopyFiles */ = {
			isa = PBXCopyFilesBuildPhase;
			buildActionMask = 2147483647;
			dstPath = "";
			dstSubfolderSpec = 7;
			files = (
			);
			runOnlyForDeploymentPostprocessing = 0;
		};
/* End PBXCopyFilesBuildPhase section */

/* Begin PBXFileReference section */
		6A02D1ED2B80857200902162 /* ExtensionView.swift */ = {isa = PBXFileReference; lastKnownFileType = sourcecode.swift; path = ExtensionView.swift; sourceTree = "<group>"; };
		6A02D1EF2B80F6B800902162 /* FavoriteGamesSection.swift */ = {isa = PBXFileReference; lastKnownFileType = sourcecode.swift; path = FavoriteGamesSection.swift; sourceTree = "<group>"; };
		6A165D562B7B7C5500A10369 /* DetailStoreView.swift */ = {isa = PBXFileReference; lastKnownFileType = sourcecode.swift; path = DetailStoreView.swift; sourceTree = "<group>"; };
		6A44013A2B74A29400DCDE2E /* Poppins-Light.ttf */ = {isa = PBXFileReference; lastKnownFileType = file; path = "Poppins-Light.ttf"; sourceTree = "<group>"; };
		6A44013B2B74A29500DCDE2E /* Poppins-Medium.ttf */ = {isa = PBXFileReference; lastKnownFileType = file; path = "Poppins-Medium.ttf"; sourceTree = "<group>"; };
		6A44013C2B74A29500DCDE2E /* Poppins-SemiBold.ttf */ = {isa = PBXFileReference; lastKnownFileType = file; path = "Poppins-SemiBold.ttf"; sourceTree = "<group>"; };
		6A4401402B74A33C00DCDE2E /* Info.plist */ = {isa = PBXFileReference; lastKnownFileType = text.plist.xml; path = Info.plist; sourceTree = "<group>"; };
		6A4401472B74A41000DCDE2E /* Fonts.swift */ = {isa = PBXFileReference; lastKnownFileType = sourcecode.swift; path = Fonts.swift; sourceTree = "<group>"; };
		6A44014A2B74AD3D00DCDE2E /* FontModifier.swift */ = {isa = PBXFileReference; lastKnownFileType = sourcecode.swift; path = FontModifier.swift; sourceTree = "<group>"; };
		6A44014C2B74AE6400DCDE2E /* Colors.swift */ = {isa = PBXFileReference; lastKnownFileType = sourcecode.swift; path = Colors.swift; sourceTree = "<group>"; };
		6A4401502B74D54D00DCDE2E /* DetailGameView.swift */ = {isa = PBXFileReference; lastKnownFileType = sourcecode.swift; path = DetailGameView.swift; sourceTree = "<group>"; };
		6A45AFE42B79B237006A992C /* StoresViewModel.swift */ = {isa = PBXFileReference; lastKnownFileType = sourcecode.swift; path = StoresViewModel.swift; sourceTree = "<group>"; };
		6A45AFE62B79B260006A992C /* StoresModel.swift */ = {isa = PBXFileReference; lastKnownFileType = sourcecode.swift; path = StoresModel.swift; sourceTree = "<group>"; };
		6A45AFE92B79CA06006A992C /* DetailGamesModel.swift */ = {isa = PBXFileReference; lastKnownFileType = sourcecode.swift; path = DetailGamesModel.swift; sourceTree = "<group>"; };
		6A45AFEB2B79D324006A992C /* DetailStoresModel.swift */ = {isa = PBXFileReference; lastKnownFileType = sourcecode.swift; path = DetailStoresModel.swift; sourceTree = "<group>"; };
		6A5CC3AE2B78077900BDD8D1 /* LoadingIndicatorView.swift */ = {isa = PBXFileReference; lastKnownFileType = sourcecode.swift; path = LoadingIndicatorView.swift; sourceTree = "<group>"; };
		6A95DCF72B738FFD00CC3075 /* Gamestock.app */ = {isa = PBXFileReference; explicitFileType = wrapper.application; includeInIndex = 0; path = Gamestock.app; sourceTree = BUILT_PRODUCTS_DIR; };
		6A95DCFA2B738FFD00CC3075 /* GamestockApp.swift */ = {isa = PBXFileReference; lastKnownFileType = sourcecode.swift; path = GamestockApp.swift; sourceTree = "<group>"; };
		6A95DCFC2B738FFD00CC3075 /* ContentView.swift */ = {isa = PBXFileReference; lastKnownFileType = sourcecode.swift; path = ContentView.swift; sourceTree = "<group>"; };
		6AE216EE2B772758009ED220 /* GamesViewModel.swift */ = {isa = PBXFileReference; lastKnownFileType = sourcecode.swift; path = GamesViewModel.swift; sourceTree = "<group>"; };
		6AE216F12B772914009ED220 /* AppConfigs.swift */ = {isa = PBXFileReference; lastKnownFileType = sourcecode.swift; path = AppConfigs.swift; sourceTree = "<group>"; };
		6AE216F42B7729F7009ED220 /* GamesModel.swift */ = {isa = PBXFileReference; lastKnownFileType = sourcecode.swift; path = GamesModel.swift; sourceTree = "<group>"; };
		6AE216FE2B773089009ED220 /* HeaderSection.swift */ = {isa = PBXFileReference; lastKnownFileType = sourcecode.swift; path = HeaderSection.swift; sourceTree = "<group>"; };
		6AE217002B77311F009ED220 /* StoreGameSection.swift */ = {isa = PBXFileReference; fileEncoding = 4; lastKnownFileType = sourcecode.swift; path = StoreGameSection.swift; sourceTree = "<group>"; };
		6AE217012B77311F009ED220 /* PopularGamesSection.swift */ = {isa = PBXFileReference; fileEncoding = 4; lastKnownFileType = sourcecode.swift; path = PopularGamesSection.swift; sourceTree = "<group>"; };
		6AE2D8BF2B7FB5DB00E8B00F /* GamesDataModel.xcdatamodel */ = {isa = PBXFileReference; lastKnownFileType = wrapper.xcdatamodel; path = GamesDataModel.xcdatamodel; sourceTree = "<group>"; };
		6AF00D5C2B7B9E4D004FD658 /* DetailContentSection.swift */ = {isa = PBXFileReference; lastKnownFileType = sourcecode.swift; path = DetailContentSection.swift; sourceTree = "<group>"; };
		6AF00D5F2B7BAE9E004FD658 /* ProfileView.swift */ = {isa = PBXFileReference; lastKnownFileType = sourcecode.swift; path = ProfileView.swift; sourceTree = "<group>"; };
		6AF2BA3B2B760E390070A118 /* Assets.xcassets */ = {isa = PBXFileReference; lastKnownFileType = folder.assetcatalog; path = Assets.xcassets; sourceTree = "<group>"; };
/* End PBXFileReference section */

/* Begin PBXFrameworksBuildPhase section */
		6A95DCF42B738FFD00CC3075 /* Frameworks */ = {
			isa = PBXFrameworksBuildPhase;
			buildActionMask = 2147483647;
			files = (
				6AF89DCD2B77EEE10081A649 /* Kingfisher in Frameworks */,
				6AF89DCA2B77EE740081A649 /* Alamofire in Frameworks */,
			);
			runOnlyForDeploymentPostprocessing = 0;
		};
/* End PBXFrameworksBuildPhase section */

/* Begin PBXGroup section */
		6A4401382B74A21400DCDE2E /* Files */ = {
			isa = PBXGroup;
			children = (
				6A4401392B74A21F00DCDE2E /* Fonts */,
			);
			path = Files;
			sourceTree = "<group>";
		};
		6A4401392B74A21F00DCDE2E /* Fonts */ = {
			isa = PBXGroup;
			children = (
				6A44013A2B74A29400DCDE2E /* Poppins-Light.ttf */,
				6A44013B2B74A29500DCDE2E /* Poppins-Medium.ttf */,
				6A44013C2B74A29500DCDE2E /* Poppins-SemiBold.ttf */,
			);
			path = Fonts;
			sourceTree = "<group>";
		};
		6A4401432B74A3E000DCDE2E /* App */ = {
			isa = PBXGroup;
			children = (
				6A4401402B74A33C00DCDE2E /* Info.plist */,
				6AF2BA3B2B760E390070A118 /* Assets.xcassets */,
				6A4401442B74A3E800DCDE2E /* AppConstants */,
				6AE216F12B772914009ED220 /* AppConfigs.swift */,
			);
			path = App;
			sourceTree = "<group>";
		};
		6A4401442B74A3E800DCDE2E /* AppConstants */ = {
			isa = PBXGroup;
			children = (
				6A4401472B74A41000DCDE2E /* Fonts.swift */,
				6A44014C2B74AE6400DCDE2E /* Colors.swift */,
			);
			path = AppConstants;
			sourceTree = "<group>";
		};
		6A4401492B74AD2C00DCDE2E /* Modifier */ = {
			isa = PBXGroup;
			children = (
				6A44014A2B74AD3D00DCDE2E /* FontModifier.swift */,
			);
			path = Modifier;
			sourceTree = "<group>";
		};
		6A45AFE82B79C283006A992C /* DetailView */ = {
			isa = PBXGroup;
			children = (
				6A4401502B74D54D00DCDE2E /* DetailGameView.swift */,
				6A165D562B7B7C5500A10369 /* DetailStoreView.swift */,
				6AF00D5C2B7B9E4D004FD658 /* DetailContentSection.swift */,
			);
			path = DetailView;
			sourceTree = "<group>";
		};
		6A5CC3AD2B7806E200BDD8D1 /* CommonView */ = {
			isa = PBXGroup;
			children = (
				6A5CC3AE2B78077900BDD8D1 /* LoadingIndicatorView.swift */,
			);
			path = CommonView;
			sourceTree = "<group>";
		};
		6A95DCEE2B738FFD00CC3075 = {
			isa = PBXGroup;
			children = (
				6A95DCF92B738FFD00CC3075 /* Gamestock */,
				6A95DCF82B738FFD00CC3075 /* Products */,
			);
			sourceTree = "<group>";
		};
		6A95DCF82B738FFD00CC3075 /* Products */ = {
			isa = PBXGroup;
			children = (
				6A95DCF72B738FFD00CC3075 /* Gamestock.app */,
			);
			name = Products;
			sourceTree = "<group>";
		};
		6A95DCF92B738FFD00CC3075 /* Gamestock */ = {
			isa = PBXGroup;
			children = (
				6AE216F32B7729EA009ED220 /* Model */,
				6AE216ED2B7726E4009ED220 /* ViewModel */,
				6A4401382B74A21400DCDE2E /* Files */,
				6AF2BA3D2B7620DD0070A118 /* View */,
				6A4401492B74AD2C00DCDE2E /* Modifier */,
				6A4401432B74A3E000DCDE2E /* App */,
			);
			path = Gamestock;
			sourceTree = "<group>";
		};
		6AE216ED2B7726E4009ED220 /* ViewModel */ = {
			isa = PBXGroup;
			children = (
				6AE216EE2B772758009ED220 /* GamesViewModel.swift */,
				6A45AFE42B79B237006A992C /* StoresViewModel.swift */,
			);
			path = ViewModel;
			sourceTree = "<group>";
		};
		6AE216F32B7729EA009ED220 /* Model */ = {
			isa = PBXGroup;
			children = (
				6AE216F42B7729F7009ED220 /* GamesModel.swift */,
				6A45AFE62B79B260006A992C /* StoresModel.swift */,
				6A45AFE92B79CA06006A992C /* DetailGamesModel.swift */,
				6A45AFEB2B79D324006A992C /* DetailStoresModel.swift */,
				6AE2D8BE2B7FB5DB00E8B00F /* GamesDataModel.xcdatamodeld */,
			);
			path = Model;
			sourceTree = "<group>";
		};
		6AE216F62B772FC4009ED220 /* HomeView */ = {
			isa = PBXGroup;
			children = (
				6A95DCFC2B738FFD00CC3075 /* ContentView.swift */,
				6AE216F92B772FE1009ED220 /* Components */,
			);
			path = HomeView;
			sourceTree = "<group>";
		};
		6AE216F92B772FE1009ED220 /* Components */ = {
			isa = PBXGroup;
			children = (
				6AE217002B77311F009ED220 /* StoreGameSection.swift */,
				6AE217012B77311F009ED220 /* PopularGamesSection.swift */,
				6AE216FE2B773089009ED220 /* HeaderSection.swift */,
				6A02D1EF2B80F6B800902162 /* FavoriteGamesSection.swift */,
			);
			path = Components;
			sourceTree = "<group>";
		};
		6AF00D5E2B7BAE8D004FD658 /* ProfileView */ = {
			isa = PBXGroup;
			children = (
				6AF00D5F2B7BAE9E004FD658 /* ProfileView.swift */,
			);
			path = ProfileView;
			sourceTree = "<group>";
		};
		6AF2BA3D2B7620DD0070A118 /* View */ = {
			isa = PBXGroup;
			children = (
				6AF00D5E2B7BAE8D004FD658 /* ProfileView */,
				6A45AFE82B79C283006A992C /* DetailView */,
				6A5CC3AD2B7806E200BDD8D1 /* CommonView */,
				6AE216F62B772FC4009ED220 /* HomeView */,
				6A95DCFA2B738FFD00CC3075 /* GamestockApp.swift */,
				6A02D1ED2B80857200902162 /* ExtensionView.swift */,
			);
			path = View;
			sourceTree = "<group>";
		};
/* End PBXGroup section */

/* Begin PBXNativeTarget section */
		6A95DCF62B738FFD00CC3075 /* Gamestock */ = {
			isa = PBXNativeTarget;
			buildConfigurationList = 6A95DD052B73900000CC3075 /* Build configuration list for PBXNativeTarget "Gamestock" */;
			buildPhases = (
				6A95DCF32B738FFD00CC3075 /* Sources */,
				6A95DCF42B738FFD00CC3075 /* Frameworks */,
				6A95DCF52B738FFD00CC3075 /* Resources */,
				6A48DEB82B7CC414001BC936 /* ShellScript */,
				6AFEE81D2B7CC90700E0EF87 /* CopyFiles */,
			);
			buildRules = (
			);
			dependencies = (
			);
			name = Gamestock;
			packageProductDependencies = (
				6AF89DC92B77EE740081A649 /* Alamofire */,
				6AF89DCC2B77EEE10081A649 /* Kingfisher */,
			);
			productName = Gamestock;
			productReference = 6A95DCF72B738FFD00CC3075 /* Gamestock.app */;
			productType = "com.apple.product-type.application";
		};
/* End PBXNativeTarget section */

/* Begin PBXProject section */
		6A95DCEF2B738FFD00CC3075 /* Project object */ = {
			isa = PBXProject;
			attributes = {
				BuildIndependentTargetsInParallel = 1;
				LastSwiftUpdateCheck = 1500;
				LastUpgradeCheck = 1500;
				TargetAttributes = {
					6A95DCF62B738FFD00CC3075 = {
						CreatedOnToolsVersion = 15.0;
					};
				};
			};
			buildConfigurationList = 6A95DCF22B738FFD00CC3075 /* Build configuration list for PBXProject "Gamestock" */;
			compatibilityVersion = "Xcode 14.0";
			developmentRegion = en;
			hasScannedForEncodings = 0;
			knownRegions = (
				en,
				Base,
			);
			mainGroup = 6A95DCEE2B738FFD00CC3075;
			packageReferences = (
				6AF89DC82B77EE740081A649 /* XCRemoteSwiftPackageReference "Alamofire" */,
				6AF89DCB2B77EEE10081A649 /* XCRemoteSwiftPackageReference "Kingfisher" */,
			);
			productRefGroup = 6A95DCF82B738FFD00CC3075 /* Products */;
			projectDirPath = "";
			projectRoot = "";
			targets = (
				6A95DCF62B738FFD00CC3075 /* Gamestock */,
			);
		};
/* End PBXProject section */

/* Begin PBXResourcesBuildPhase section */
		6A95DCF52B738FFD00CC3075 /* Resources */ = {
			isa = PBXResourcesBuildPhase;
			buildActionMask = 2147483647;
			files = (
				6A44013F2B74A29500DCDE2E /* Poppins-SemiBold.ttf in Resources */,
				6A44013E2B74A29500DCDE2E /* Poppins-Medium.ttf in Resources */,
				6A44013D2B74A29500DCDE2E /* Poppins-Light.ttf in Resources */,
				6AF2BA3C2B760E390070A118 /* Assets.xcassets in Resources */,
			);
			runOnlyForDeploymentPostprocessing = 0;
		};
/* End PBXResourcesBuildPhase section */

/* Begin PBXShellScriptBuildPhase section */
		6A48DEB82B7CC414001BC936 /* ShellScript */ = {
			isa = PBXShellScriptBuildPhase;
			buildActionMask = 2147483647;
			files = (
			);
			inputFileListPaths = (
			);
			inputPaths = (
			);
			outputFileListPaths = (
			);
			outputPaths = (
			);
			runOnlyForDeploymentPostprocessing = 0;
			shellPath = /bin/sh;
			shellScript = "if [[ \"$(uname -m)\" == arm64 ]]; then\n    export PATH=\"/opt/homebrew/bin:$PATH\"\nfi\n\nif which swiftlint > /dev/null; then\n  swiftlint\nelse\n  echo \"warning: SwiftLint not installed, download from https://github.com/realm/SwiftLint\"\nfi\n";
		};
/* End PBXShellScriptBuildPhase section */

/* Begin PBXSourcesBuildPhase section */
		6A95DCF32B738FFD00CC3075 /* Sources */ = {
			isa = PBXSourcesBuildPhase;
			buildActionMask = 2147483647;
			files = (
				6A5CC3AF2B78077900BDD8D1 /* LoadingIndicatorView.swift in Sources */,
				6A95DCFD2B738FFD00CC3075 /* ContentView.swift in Sources */,
				6A45AFEA2B79CA06006A992C /* DetailGamesModel.swift in Sources */,
				6AE216F22B772914009ED220 /* AppConfigs.swift in Sources */,
				6AE217022B77311F009ED220 /* StoreGameSection.swift in Sources */,
				6A02D1F02B80F6B800902162 /* FavoriteGamesSection.swift in Sources */,
				6A45AFE72B79B260006A992C /* StoresModel.swift in Sources */,
				6AE217032B77311F009ED220 /* PopularGamesSection.swift in Sources */,
				6A44014D2B74AE6400DCDE2E /* Colors.swift in Sources */,
				6A4401482B74A41000DCDE2E /* Fonts.swift in Sources */,
				6A45AFEC2B79D324006A992C /* DetailStoresModel.swift in Sources */,
				6AE216EF2B772758009ED220 /* GamesViewModel.swift in Sources */,
				6A4401512B74D54D00DCDE2E /* DetailGameView.swift in Sources */,
				6AF00D602B7BAE9E004FD658 /* ProfileView.swift in Sources */,
				6AE216FF2B773089009ED220 /* HeaderSection.swift in Sources */,
				6AE2D8C02B7FB5DB00E8B00F /* GamesDataModel.xcdatamodeld in Sources */,
				6A95DCFB2B738FFD00CC3075 /* GamestockApp.swift in Sources */,
				6A44014B2B74AD3D00DCDE2E /* FontModifier.swift in Sources */,
				6A165D572B7B7C5500A10369 /* DetailStoreView.swift in Sources */,
				6A02D1EE2B80857200902162 /* ExtensionView.swift in Sources */,
				6AE216F52B7729F7009ED220 /* GamesModel.swift in Sources */,
				6AF00D5D2B7B9E4D004FD658 /* DetailContentSection.swift in Sources */,
				6A45AFE52B79B237006A992C /* StoresViewModel.swift in Sources */,
			);
			runOnlyForDeploymentPostprocessing = 0;
		};
/* End PBXSourcesBuildPhase section */

/* Begin XCBuildConfiguration section */
		6A95DD032B73900000CC3075 /* Debug */ = {
			isa = XCBuildConfiguration;
			buildSettings = {
				ALWAYS_SEARCH_USER_PATHS = NO;
				ASSETCATALOG_COMPILER_GENERATE_SWIFT_ASSET_SYMBOL_EXTENSIONS = YES;
				CLANG_ANALYZER_NONNULL = YES;
				CLANG_ANALYZER_NUMBER_OBJECT_CONVERSION = YES_AGGRESSIVE;
				CLANG_CXX_LANGUAGE_STANDARD = "gnu++20";
				CLANG_ENABLE_MODULES = YES;
				CLANG_ENABLE_OBJC_ARC = YES;
				CLANG_ENABLE_OBJC_WEAK = YES;
				CLANG_WARN_BLOCK_CAPTURE_AUTORELEASING = YES;
				CLANG_WARN_BOOL_CONVERSION = YES;
				CLANG_WARN_COMMA = YES;
				CLANG_WARN_CONSTANT_CONVERSION = YES;
				CLANG_WARN_DEPRECATED_OBJC_IMPLEMENTATIONS = YES;
				CLANG_WARN_DIRECT_OBJC_ISA_USAGE = YES_ERROR;
				CLANG_WARN_DOCUMENTATION_COMMENTS = YES;
				CLANG_WARN_EMPTY_BODY = YES;
				CLANG_WARN_ENUM_CONVERSION = YES;
				CLANG_WARN_INFINITE_RECURSION = YES;
				CLANG_WARN_INT_CONVERSION = YES;
				CLANG_WARN_NON_LITERAL_NULL_CONVERSION = YES;
				CLANG_WARN_OBJC_IMPLICIT_RETAIN_SELF = YES;
				CLANG_WARN_OBJC_LITERAL_CONVERSION = YES;
				CLANG_WARN_OBJC_ROOT_CLASS = YES_ERROR;
				CLANG_WARN_QUOTED_INCLUDE_IN_FRAMEWORK_HEADER = YES;
				CLANG_WARN_RANGE_LOOP_ANALYSIS = YES;
				CLANG_WARN_STRICT_PROTOTYPES = YES;
				CLANG_WARN_SUSPICIOUS_MOVE = YES;
				CLANG_WARN_UNGUARDED_AVAILABILITY = YES_AGGRESSIVE;
				CLANG_WARN_UNREACHABLE_CODE = YES;
				CLANG_WARN__DUPLICATE_METHOD_MATCH = YES;
				COPY_PHASE_STRIP = NO;
				DEBUG_INFORMATION_FORMAT = dwarf;
				ENABLE_STRICT_OBJC_MSGSEND = YES;
				ENABLE_TESTABILITY = YES;
				ENABLE_USER_SCRIPT_SANDBOXING = NO;
				GCC_C_LANGUAGE_STANDARD = gnu17;
				GCC_DYNAMIC_NO_PIC = NO;
				GCC_NO_COMMON_BLOCKS = YES;
				GCC_OPTIMIZATION_LEVEL = 0;
				GCC_PREPROCESSOR_DEFINITIONS = (
					"DEBUG=1",
					"$(inherited)",
				);
				GCC_WARN_64_TO_32_BIT_CONVERSION = YES;
				GCC_WARN_ABOUT_RETURN_TYPE = YES_ERROR;
				GCC_WARN_UNDECLARED_SELECTOR = YES;
				GCC_WARN_UNINITIALIZED_AUTOS = YES_AGGRESSIVE;
				GCC_WARN_UNUSED_FUNCTION = YES;
				GCC_WARN_UNUSED_VARIABLE = YES;
				IPHONEOS_DEPLOYMENT_TARGET = 17.0;
				LOCALIZATION_PREFERS_STRING_CATALOGS = YES;
				MTL_ENABLE_DEBUG_INFO = INCLUDE_SOURCE;
				MTL_FAST_MATH = YES;
				ONLY_ACTIVE_ARCH = YES;
				SDKROOT = iphoneos;
				SWIFT_ACTIVE_COMPILATION_CONDITIONS = "DEBUG $(inherited)";
				SWIFT_OPTIMIZATION_LEVEL = "-Onone";
			};
			name = Debug;
		};
		6A95DD042B73900000CC3075 /* Release */ = {
			isa = XCBuildConfiguration;
			buildSettings = {
				ALWAYS_SEARCH_USER_PATHS = NO;
				ASSETCATALOG_COMPILER_GENERATE_SWIFT_ASSET_SYMBOL_EXTENSIONS = YES;
				CLANG_ANALYZER_NONNULL = YES;
				CLANG_ANALYZER_NUMBER_OBJECT_CONVERSION = YES_AGGRESSIVE;
				CLANG_CXX_LANGUAGE_STANDARD = "gnu++20";
				CLANG_ENABLE_MODULES = YES;
				CLANG_ENABLE_OBJC_ARC = YES;
				CLANG_ENABLE_OBJC_WEAK = YES;
				CLANG_WARN_BLOCK_CAPTURE_AUTORELEASING = YES;
				CLANG_WARN_BOOL_CONVERSION = YES;
				CLANG_WARN_COMMA = YES;
				CLANG_WARN_CONSTANT_CONVERSION = YES;
				CLANG_WARN_DEPRECATED_OBJC_IMPLEMENTATIONS = YES;
				CLANG_WARN_DIRECT_OBJC_ISA_USAGE = YES_ERROR;
				CLANG_WARN_DOCUMENTATION_COMMENTS = YES;
				CLANG_WARN_EMPTY_BODY = YES;
				CLANG_WARN_ENUM_CONVERSION = YES;
				CLANG_WARN_INFINITE_RECURSION = YES;
				CLANG_WARN_INT_CONVERSION = YES;
				CLANG_WARN_NON_LITERAL_NULL_CONVERSION = YES;
				CLANG_WARN_OBJC_IMPLICIT_RETAIN_SELF = YES;
				CLANG_WARN_OBJC_LITERAL_CONVERSION = YES;
				CLANG_WARN_OBJC_ROOT_CLASS = YES_ERROR;
				CLANG_WARN_QUOTED_INCLUDE_IN_FRAMEWORK_HEADER = YES;
				CLANG_WARN_RANGE_LOOP_ANALYSIS = YES;
				CLANG_WARN_STRICT_PROTOTYPES = YES;
				CLANG_WARN_SUSPICIOUS_MOVE = YES;
				CLANG_WARN_UNGUARDED_AVAILABILITY = YES_AGGRESSIVE;
				CLANG_WARN_UNREACHABLE_CODE = YES;
				CLANG_WARN__DUPLICATE_METHOD_MATCH = YES;
				COPY_PHASE_STRIP = NO;
				DEBUG_INFORMATION_FORMAT = "dwarf-with-dsym";
				ENABLE_NS_ASSERTIONS = NO;
				ENABLE_STRICT_OBJC_MSGSEND = YES;
				ENABLE_USER_SCRIPT_SANDBOXING = NO;
				GCC_C_LANGUAGE_STANDARD = gnu17;
				GCC_NO_COMMON_BLOCKS = YES;
				GCC_WARN_64_TO_32_BIT_CONVERSION = YES;
				GCC_WARN_ABOUT_RETURN_TYPE = YES_ERROR;
				GCC_WARN_UNDECLARED_SELECTOR = YES;
				GCC_WARN_UNINITIALIZED_AUTOS = YES_AGGRESSIVE;
				GCC_WARN_UNUSED_FUNCTION = YES;
				GCC_WARN_UNUSED_VARIABLE = YES;
				IPHONEOS_DEPLOYMENT_TARGET = 17.0;
				LOCALIZATION_PREFERS_STRING_CATALOGS = YES;
				MTL_ENABLE_DEBUG_INFO = NO;
				MTL_FAST_MATH = YES;
				SDKROOT = iphoneos;
				SWIFT_COMPILATION_MODE = wholemodule;
				VALIDATE_PRODUCT = YES;
			};
			name = Release;
		};
		6A95DD062B73900000CC3075 /* Debug */ = {
			isa = XCBuildConfiguration;
			buildSettings = {
				ASSETCATALOG_COMPILER_APPICON_NAME = AppIcon;
				ASSETCATALOG_COMPILER_GLOBAL_ACCENT_COLOR_NAME = AccentColor;
				CODE_SIGN_STYLE = Automatic;
				CURRENT_PROJECT_VERSION = 1;
				DEVELOPMENT_ASSET_PATHS = "\"Gamestock/Preview Content\"";
				DEVELOPMENT_TEAM = AHR527DS5X;
				ENABLE_PREVIEWS = YES;
				ENABLE_USER_SCRIPT_SANDBOXING = NO;
				GENERATE_INFOPLIST_FILE = YES;
				INFOPLIST_FILE = Gamestock/App/Info.plist;
				INFOPLIST_KEY_UIApplicationSceneManifest_Generation = YES;
				INFOPLIST_KEY_UIApplicationSupportsIndirectInputEvents = YES;
				INFOPLIST_KEY_UILaunchScreen_Generation = YES;
				INFOPLIST_KEY_UISupportedInterfaceOrientations_iPad = "UIInterfaceOrientationPortrait UIInterfaceOrientationPortraitUpsideDown UIInterfaceOrientationLandscapeLeft UIInterfaceOrientationLandscapeRight";
				INFOPLIST_KEY_UISupportedInterfaceOrientations_iPhone = "UIInterfaceOrientationPortrait UIInterfaceOrientationLandscapeLeft UIInterfaceOrientationLandscapeRight";
				LD_RUNPATH_SEARCH_PATHS = (
					"$(inherited)",
					"@executable_path/Frameworks",
				);
				MARKETING_VERSION = 1.0;
				PRODUCT_BUNDLE_IDENTIFIER = com.jagoteori.www.Gamestock;
				PRODUCT_NAME = "$(TARGET_NAME)";
				SWIFT_EMIT_LOC_STRINGS = YES;
				SWIFT_VERSION = 5.0;
				TARGETED_DEVICE_FAMILY = "1,2";
			};
			name = Debug;
		};
		6A95DD072B73900000CC3075 /* Release */ = {
			isa = XCBuildConfiguration;
			buildSettings = {
				ASSETCATALOG_COMPILER_APPICON_NAME = AppIcon;
				ASSETCATALOG_COMPILER_GLOBAL_ACCENT_COLOR_NAME = AccentColor;
				CODE_SIGN_STYLE = Automatic;
				CURRENT_PROJECT_VERSION = 1;
				DEVELOPMENT_ASSET_PATHS = "\"Gamestock/Preview Content\"";
				DEVELOPMENT_TEAM = AHR527DS5X;
				ENABLE_PREVIEWS = YES;
				ENABLE_USER_SCRIPT_SANDBOXING = NO;
				GENERATE_INFOPLIST_FILE = YES;
				INFOPLIST_FILE = Gamestock/App/Info.plist;
				INFOPLIST_KEY_UIApplicationSceneManifest_Generation = YES;
				INFOPLIST_KEY_UIApplicationSupportsIndirectInputEvents = YES;
				INFOPLIST_KEY_UILaunchScreen_Generation = YES;
				INFOPLIST_KEY_UISupportedInterfaceOrientations_iPad = "UIInterfaceOrientationPortrait UIInterfaceOrientationPortraitUpsideDown UIInterfaceOrientationLandscapeLeft UIInterfaceOrientationLandscapeRight";
				INFOPLIST_KEY_UISupportedInterfaceOrientations_iPhone = "UIInterfaceOrientationPortrait UIInterfaceOrientationLandscapeLeft UIInterfaceOrientationLandscapeRight";
				LD_RUNPATH_SEARCH_PATHS = (
					"$(inherited)",
					"@executable_path/Frameworks",
				);
				MARKETING_VERSION = 1.0;
				PRODUCT_BUNDLE_IDENTIFIER = com.jagoteori.www.Gamestock;
				PRODUCT_NAME = "$(TARGET_NAME)";
				SWIFT_EMIT_LOC_STRINGS = YES;
				SWIFT_VERSION = 5.0;
				TARGETED_DEVICE_FAMILY = "1,2";
			};
			name = Release;
		};
/* End XCBuildConfiguration section */

/* Begin XCConfigurationList section */
		6A95DCF22B738FFD00CC3075 /* Build configuration list for PBXProject "Gamestock" */ = {
			isa = XCConfigurationList;
			buildConfigurations = (
				6A95DD032B73900000CC3075 /* Debug */,
				6A95DD042B73900000CC3075 /* Release */,
			);
			defaultConfigurationIsVisible = 0;
			defaultConfigurationName = Release;
		};
		6A95DD052B73900000CC3075 /* Build configuration list for PBXNativeTarget "Gamestock" */ = {
			isa = XCConfigurationList;
			buildConfigurations = (
				6A95DD062B73900000CC3075 /* Debug */,
				6A95DD072B73900000CC3075 /* Release */,
			);
			defaultConfigurationIsVisible = 0;
			defaultConfigurationName = Release;
		};
/* End XCConfigurationList section */

/* Begin XCRemoteSwiftPackageReference section */
		6AF89DC82B77EE740081A649 /* XCRemoteSwiftPackageReference "Alamofire" */ = {
			isa = XCRemoteSwiftPackageReference;
			repositoryURL = "https://github.com/Alamofire/Alamofire.git";
			requirement = {
				kind = upToNextMajorVersion;
				minimumVersion = 5.8.1;
			};
		};
		6AF89DCB2B77EEE10081A649 /* XCRemoteSwiftPackageReference "Kingfisher" */ = {
			isa = XCRemoteSwiftPackageReference;
			repositoryURL = "https://github.com/onevcat/Kingfisher.git";
			requirement = {
				kind = upToNextMajorVersion;
				minimumVersion = 7.10.2;
			};
		};
/* End XCRemoteSwiftPackageReference section */

/* Begin XCSwiftPackageProductDependency section */
		6AF89DC92B77EE740081A649 /* Alamofire */ = {
			isa = XCSwiftPackageProductDependency;
			package = 6AF89DC82B77EE740081A649 /* XCRemoteSwiftPackageReference "Alamofire" */;
			productName = Alamofire;
		};
		6AF89DCC2B77EEE10081A649 /* Kingfisher */ = {
			isa = XCSwiftPackageProductDependency;
			package = 6AF89DCB2B77EEE10081A649 /* XCRemoteSwiftPackageReference "Kingfisher" */;
			productName = Kingfisher;
		};
/* End XCSwiftPackageProductDependency section */

/* Begin XCVersionGroup section */
		6AE2D8BE2B7FB5DB00E8B00F /* GamesDataModel.xcdatamodeld */ = {
			isa = XCVersionGroup;
			children = (
				6AE2D8BF2B7FB5DB00E8B00F /* GamesDataModel.xcdatamodel */,
			);
			currentVersion = 6AE2D8BF2B7FB5DB00E8B00F /* GamesDataModel.xcdatamodel */;
			path = GamesDataModel.xcdatamodeld;
			sourceTree = "<group>";
			versionGroupType = wrapper.xcdatamodel;
		};
/* End XCVersionGroup section */
	};
	rootObject = 6A95DCEF2B738FFD00CC3075 /* Project object */;
}
